<?xml version="1.0" encoding="utf-8"?>
<Project ToolsVersion="17.0" xmlns="http://schemas.microsoft.com/developer/msbuild/2003">
  <ItemGroup>
    <ClCompile Include="C:\Users\ayman\Downloads\EEEE2076-master\EEEE2076-master\individual\Worksheet7\VTK_VR_Demo\vtkvr.cpp">
      <Filter>Source Files</Filter>
    </ClCompile>
  </ItemGroup>
  <ItemGroup>
    <CustomBuild Include="C:\Users\ayman\Downloads\EEEE2076-master\EEEE2076-master\individual\Worksheet7\VTK_VR_Demo\CMakeLists.txt" />
  </ItemGroup>
  <ItemGroup>
    <Filter Include="Source Files">
      <UniqueIdentifier>{21CF9D71-A0DA-388B-A5D3-38ACF2B7C917}</UniqueIdentifier>
    </Filter>
  </ItemGroup>
</Project>
